
Microsoft Visual Studio Solution File, Format Version 12.00
# Visual Studio Version 16
VisualStudioVersion = 16.0.29411.108
MinimumVisualStudioVersion = 10.0.40219.1
Project("{FAE04EC0-301F-11D3-BF4B-00C04F79EFBC}") = "MasterThesisWebApplication", "MasterThesisWebApplication.csproj", "{E52A7A47-1809-4B57-AD00-C4213ADAF772}"
EndProject
Global
	GlobalSection(SolutionConfigurationPlatforms) = preSolution
		Debug|Any CPU = Debug|Any CPU
		Release|Any CPU = Release|Any CPU
	EndGlobalSection
	GlobalSection(ProjectConfigurationPlatforms) = postSolution
		{E52A7A47-1809-4B57-AD00-C4213ADAF772}.Debug|Any CPU.ActiveCfg = Debug|Any CPU
		{E52A7A47-1809-4B57-AD00-C4213ADAF772}.Debug|Any CPU.Build.0 = Debug|Any CPU
		{E52A7A47-1809-4B57-AD00-C4213ADAF772}.Release|Any CPU.ActiveCfg = Release|Any CPU
		{E52A7A47-1809-4B57-AD00-C4213ADAF772}.Release|Any CPU.Build.0 = Release|Any CPU
	EndGlobalSection
	GlobalSection(SolutionProperties) = preSolution
		HideSolutionNode = FALSE
	EndGlobalSection
	GlobalSection(ExtensibilityGlobals) = postSolution
		SolutionGuid = {56D97657-BC23-43E0-8858-3E2401FE5ED1}
	EndGlobalSection
EndGlobal
