
Microsoft Visual Studio Solution File, Format Version 12.00
# Visual Studio Version 16
VisualStudioVersion = 16.0.29009.5
MinimumVisualStudioVersion = 10.0.40219.1
Project("{FAE04EC0-301F-11D3-BF4B-00C04F79EFBC}") = "Master Thesis Web Application", "Master Thesis Web Application.csproj", "{23E47F10-C980-47FF-8BE6-D310BE8807E6}"
EndProject
Global
	GlobalSection(SolutionConfigurationPlatforms) = preSolution
		Debug|Any CPU = Debug|Any CPU
		Release|Any CPU = Release|Any CPU
	EndGlobalSection
	GlobalSection(ProjectConfigurationPlatforms) = postSolution
		{23E47F10-C980-47FF-8BE6-D310BE8807E6}.Debug|Any CPU.ActiveCfg = Debug|Any CPU
		{23E47F10-C980-47FF-8BE6-D310BE8807E6}.Debug|Any CPU.Build.0 = Debug|Any CPU
		{23E47F10-C980-47FF-8BE6-D310BE8807E6}.Release|Any CPU.ActiveCfg = Release|Any CPU
		{23E47F10-C980-47FF-8BE6-D310BE8807E6}.Release|Any CPU.Build.0 = Release|Any CPU
	EndGlobalSection
	GlobalSection(SolutionProperties) = preSolution
		HideSolutionNode = FALSE
	EndGlobalSection
	GlobalSection(ExtensibilityGlobals) = postSolution
		SolutionGuid = {CE6A6BBD-45A0-433E-9952-89E8EF526064}
	EndGlobalSection
EndGlobal
